
Microsoft Visual Studio Solution File, Format Version 12.00
# Visual Studio 15
VisualStudioVersion = 15.0.28010.2016
MinimumVisualStudioVersion = 10.0.40219.1
Project("{FAE04EC0-301F-11D3-BF4B-00C04F79EFBC}") = "chaturbate-scraper", "chaturbate-scraper\chaturbate-scraper.csproj", "{D7EE600F-3506-4239-8717-628704EC86B7}"
EndProject
Global
	GlobalSection(SolutionConfigurationPlatforms) = preSolution
		Debug|Any CPU = Debug|Any CPU
		Release|Any CPU = Release|Any CPU
	EndGlobalSection
	GlobalSection(ProjectConfigurationPlatforms) = postSolution
		{D7EE600F-3506-4239-8717-628704EC86B7}.Debug|Any CPU.ActiveCfg = Debug|Any CPU
		{D7EE600F-3506-4239-8717-628704EC86B7}.Debug|Any CPU.Build.0 = Debug|Any CPU
		{D7EE600F-3506-4239-8717-628704EC86B7}.Release|Any CPU.ActiveCfg = Release|Any CPU
		{D7EE600F-3506-4239-8717-628704EC86B7}.Release|Any CPU.Build.0 = Release|Any CPU
	EndGlobalSection
	GlobalSection(SolutionProperties) = preSolution
		HideSolutionNode = FALSE
	EndGlobalSection
	GlobalSection(ExtensibilityGlobals) = postSolution
		SolutionGuid = {E99A5133-5E51-4746-B11D-0DF3D98C6981}
	EndGlobalSection
EndGlobal
